
Microsoft Visual Studio Solution File, Format Version 12.00
# Visual Studio Version 17
VisualStudioVersion = 17.9.34902.65
MinimumVisualStudioVersion = 10.0.40219.1
Project("{9A19103F-16F7-4668-BE54-9A1E7A4F7556}") = "CodeZoneStoreTask", "CodeZoneStoreTask.csproj", "{57614487-553A-44AD-A146-C44CFE458CA2}"
EndProject
Global
	GlobalSection(SolutionConfigurationPlatforms) = preSolution
		Debug|Any CPU = Debug|Any CPU
		Release|Any CPU = Release|Any CPU
	EndGlobalSection
	GlobalSection(ProjectConfigurationPlatforms) = postSolution
		{57614487-553A-44AD-A146-C44CFE458CA2}.Debug|Any CPU.ActiveCfg = Debug|Any CPU
		{57614487-553A-44AD-A146-C44CFE458CA2}.Debug|Any CPU.Build.0 = Debug|Any CPU
		{57614487-553A-44AD-A146-C44CFE458CA2}.Release|Any CPU.ActiveCfg = Release|Any CPU
		{57614487-553A-44AD-A146-C44CFE458CA2}.Release|Any CPU.Build.0 = Release|Any CPU
	EndGlobalSection
	GlobalSection(SolutionProperties) = preSolution
		HideSolutionNode = FALSE
	EndGlobalSection
	GlobalSection(ExtensibilityGlobals) = postSolution
		SolutionGuid = {3C760F4C-936C-4BEC-9B5D-A193B3FFB5AF}
	EndGlobalSection
EndGlobal
